
Microsoft Visual Studio Solution File, Format Version 12.00
# Visual Studio Version 17
VisualStudioVersion = 17.13.35806.99 d17.13
MinimumVisualStudioVersion = 10.0.40219.1
Project("{FAE04EC0-301F-11D3-BF4B-00C04F79EFBC}") = "TrustWell Hospital", "TrustWell Hospital\TrustWell Hospital.csproj", "{B21DF1C5-ED87-47BF-AE1B-242F7EF1EF26}"
EndProject
Global
	GlobalSection(SolutionConfigurationPlatforms) = preSolution
		Debug|Any CPU = Debug|Any CPU
		Release|Any CPU = Release|Any CPU
	EndGlobalSection
	GlobalSection(ProjectConfigurationPlatforms) = postSolution
		{B21DF1C5-ED87-47BF-AE1B-242F7EF1EF26}.Debug|Any CPU.ActiveCfg = Debug|Any CPU
		{B21DF1C5-ED87-47BF-AE1B-242F7EF1EF26}.Debug|Any CPU.Build.0 = Debug|Any CPU
		{B21DF1C5-ED87-47BF-AE1B-242F7EF1EF26}.Release|Any CPU.ActiveCfg = Release|Any CPU
		{B21DF1C5-ED87-47BF-AE1B-242F7EF1EF26}.Release|Any CPU.Build.0 = Release|Any CPU
	EndGlobalSection
	GlobalSection(SolutionProperties) = preSolution
		HideSolutionNode = FALSE
	EndGlobalSection
	GlobalSection(ExtensibilityGlobals) = postSolution
		SolutionGuid = {ECCD2A8F-15B1-44E0-89B1-E009375E067C}
	EndGlobalSection
EndGlobal
